
Microsoft Visual Studio Solution File, Format Version 12.00
Project("{FAE04EC0-301F-11D3-BF4B-00C04F79EFBC}") = "Infrastructure", "Infrastructure\Infrastructure.csproj", "{233316AE-B1B3-4AE8-9F99-643EAF7F4D1E}"
EndProject
Project("{FAE04EC0-301F-11D3-BF4B-00C04F79EFBC}") = "ConsoleApp", "ConsoleApp\ConsoleApp.csproj", "{2AA5B54B-6C87-48ED-A101-775D9116FA57}"
EndProject
Global
	GlobalSection(SolutionConfigurationPlatforms) = preSolution
		Debug|Any CPU = Debug|Any CPU
		Release|Any CPU = Release|Any CPU
	EndGlobalSection
	GlobalSection(ProjectConfigurationPlatforms) = postSolution
		{233316AE-B1B3-4AE8-9F99-643EAF7F4D1E}.Debug|Any CPU.ActiveCfg = Debug|Any CPU
		{233316AE-B1B3-4AE8-9F99-643EAF7F4D1E}.Debug|Any CPU.Build.0 = Debug|Any CPU
		{233316AE-B1B3-4AE8-9F99-643EAF7F4D1E}.Release|Any CPU.ActiveCfg = Release|Any CPU
		{233316AE-B1B3-4AE8-9F99-643EAF7F4D1E}.Release|Any CPU.Build.0 = Release|Any CPU
		{2AA5B54B-6C87-48ED-A101-775D9116FA57}.Debug|Any CPU.ActiveCfg = Debug|Any CPU
		{2AA5B54B-6C87-48ED-A101-775D9116FA57}.Debug|Any CPU.Build.0 = Debug|Any CPU
		{2AA5B54B-6C87-48ED-A101-775D9116FA57}.Release|Any CPU.ActiveCfg = Release|Any CPU
		{2AA5B54B-6C87-48ED-A101-775D9116FA57}.Release|Any CPU.Build.0 = Release|Any CPU
	EndGlobalSection
EndGlobal
